// !$*UTF8*$!
{
	archiveVersion = 1;
	classes = {
	};
	objectVersion = 77;
	objects = {

/* Begin PBXBuildFile section */
		579C35A52F3EEFE00039E047 /* UIButton.swift in Sources */ = {isa = PBXBuildFile; fileRef = 579C35A42F3EEFE00039E047 /* UIButton.swift */; };
/* End PBXBuildFile section */

/* Begin PBXContainerItemProxy section */
		5764BB782F3C33E000750835 /* PBXContainerItemProxy */ = {
			isa = PBXContainerItemProxy;
			containerPortal = 5764BB592F3C33DD00750835 /* Project object */;
			proxyType = 1;
			remoteGlobalIDString = 5764BB602F3C33DD00750835;
			remoteInfo = PersonalityQuiz;
		};
		5764BB822F3C33E000750835 /* PBXContainerItemProxy */ = {
			isa = PBXContainerItemProxy;
			containerPortal = 5764BB592F3C33DD00750835 /* Project object */;
			proxyType = 1;
			remoteGlobalIDString = 5764BB602F3C33DD00750835;
			remoteInfo = PersonalityQuiz;
		};
/* End PBXContainerItemProxy section */

/* Begin PBXFileReference section */
		5764BB612F3C33DD00750835 /* PersonalityQuiz.app */ = {isa = PBXFileReference; explicitFileType = wrapper.application; includeInIndex = 0; path = PersonalityQuiz.app; sourceTree = BUILT_PRODUCTS_DIR; };
		5764BB772F3C33E000750835 /* PersonalityQuizTests.xctest */ = {isa = PBXFileReference; explicitFileType = wrapper.cfbundle; includeInIndex = 0; path = PersonalityQuizTests.xctest; sourceTree = BUILT_PRODUCTS_DIR; };
		5764BB812F3C33E000750835 /* PersonalityQuizUITests.xctest */ = {isa = PBXFileReference; explicitFileType = wrapper.cfbundle; includeInIndex = 0; path = PersonalityQuizUITests.xctest; sourceTree = BUILT_PRODUCTS_DIR; };
		579C35A42F3EEFE00039E047 /* UIButton.swift */ = {isa = PBXFileReference; lastKnownFileType = sourcecode.swift; path = UIButton.swift; sourceTree = "<group>"; };
/* End PBXFileReference section */

/* Begin PBXFileSystemSynchronizedBuildFileExceptionSet section */
		5764BB892F3C33E000750835 /* Exceptions for "Controllers" folder in "PersonalityQuiz" target */ = {
			isa = PBXFileSystemSynchronizedBuildFileExceptionSet;
			membershipExceptions = (
				Info.plist,
			);
			target = 5764BB602F3C33DD00750835 /* PersonalityQuiz */;
		};
		579C358A2F3DDB8F0039E047 /* Exceptions for "Models" folder in "PersonalityQuiz" target */ = {
			isa = PBXFileSystemSynchronizedBuildFileExceptionSet;
			membershipExceptions = (
				QuestionType.swift,
				QuizCategory.swift,
				QuizFactory.swift,
				QuizModels.swift,
			);
			target = 5764BB602F3C33DD00750835 /* PersonalityQuiz */;
		};
		579C358E2F3DDBAD0039E047 /* Exceptions for "Views" folder in "PersonalityQuiz" target */ = {
			isa = PBXFileSystemSynchronizedBuildFileExceptionSet;
			membershipExceptions = (
				AnswerCell.swift,
				QuizCardCell.swift,
			);
			target = 5764BB602F3C33DD00750835 /* PersonalityQuiz */;
		};
/* End PBXFileSystemSynchronizedBuildFileExceptionSet section */

/* Begin PBXFileSystemSynchronizedRootGroup section */
		5764BB632F3C33DD00750835 /* Controllers */ = {
			isa = PBXFileSystemSynchronizedRootGroup;
			exceptions = (
				5764BB892F3C33E000750835 /* Exceptions for "Controllers" folder in "PersonalityQuiz" target */,
			);
			path = Controllers;
			sourceTree = "<group>";
		};
		5764BB7A2F3C33E000750835 /* Models */ = {
			isa = PBXFileSystemSynchronizedRootGroup;
			exceptions = (
				579C358A2F3DDB8F0039E047 /* Exceptions for "Models" folder in "PersonalityQuiz" target */,
			);
			path = Models;
			sourceTree = "<group>";
		};
		5764BB842F3C33E000750835 /* Views */ = {
			isa = PBXFileSystemSynchronizedRootGroup;
			exceptions = (
				579C358E2F3DDBAD0039E047 /* Exceptions for "Views" folder in "PersonalityQuiz" target */,
			);
			path = Views;
			sourceTree = "<group>";
		};
/* End PBXFileSystemSynchronizedRootGroup section */

/* Begin PBXFrameworksBuildPhase section */
		5764BB5E2F3C33DD00750835 /* Frameworks */ = {
			isa = PBXFrameworksBuildPhase;
			buildActionMask = 2147483647;
			files = (
			);
			runOnlyForDeploymentPostprocessing = 0;
		};
		5764BB742F3C33E000750835 /* Frameworks */ = {
			isa = PBXFrameworksBuildPhase;
			buildActionMask = 2147483647;
			files = (
			);
			runOnlyForDeploymentPostprocessing = 0;
		};
		5764BB7E2F3C33E000750835 /* Frameworks */ = {
			isa = PBXFrameworksBuildPhase;
			buildActionMask = 2147483647;
			files = (
			);
			runOnlyForDeploymentPostprocessing = 0;
		};
/* End PBXFrameworksBuildPhase section */

/* Begin PBXGroup section */
		5764BB582F3C33DD00750835 = {
			isa = PBXGroup;
			children = (
				579C35782F3C8B910039E047 /* Resources */,
				5764BB632F3C33DD00750835 /* Controllers */,
				5764BB7A2F3C33E000750835 /* Models */,
				5764BB842F3C33E000750835 /* Views */,
				5764BB622F3C33DD00750835 /* Products */,
			);
			sourceTree = "<group>";
		};
		5764BB622F3C33DD00750835 /* Products */ = {
			isa = PBXGroup;
			children = (
				5764BB612F3C33DD00750835 /* PersonalityQuiz.app */,
				5764BB772F3C33E000750835 /* PersonalityQuizTests.xctest */,
				5764BB812F3C33E000750835 /* PersonalityQuizUITests.xctest */,
			);
			name = Products;
			sourceTree = "<group>";
		};
		579C35782F3C8B910039E047 /* Resources */ = {
			isa = PBXGroup;
			children = (
				579C35A42F3EEFE00039E047 /* UIButton.swift */,
			);
			path = Resources;
			sourceTree = "<group>";
		};
/* End PBXGroup section */

/* Begin PBXNativeTarget section */
		5764BB602F3C33DD00750835 /* PersonalityQuiz */ = {
			isa = PBXNativeTarget;
			buildConfigurationList = 5764BB8A2F3C33E000750835 /* Build configuration list for PBXNativeTarget "PersonalityQuiz" */;
			buildPhases = (
				5764BB5D2F3C33DD00750835 /* Sources */,
				5764BB5E2F3C33DD00750835 /* Frameworks */,
				5764BB5F2F3C33DD00750835 /* Resources */,
			);
			buildRules = (
			);
			dependencies = (
			);
			fileSystemSynchronizedGroups = (
				5764BB632F3C33DD00750835 /* Controllers */,
			);
			name = PersonalityQuiz;
			packageProductDependencies = (
			);
			productName = PersonalityQuiz;
			productReference = 5764BB612F3C33DD00750835 /* PersonalityQuiz.app */;
			productType = "com.apple.product-type.application";
		};
		5764BB762F3C33E000750835 /* PersonalityQuizTests */ = {
			isa = PBXNativeTarget;
			buildConfigurationList = 5764BB8F2F3C33E000750835 /* Build configuration list for PBXNativeTarget "PersonalityQuizTests" */;
			buildPhases = (
				5764BB732F3C33E000750835 /* Sources */,
				5764BB742F3C33E000750835 /* Frameworks */,
				5764BB752F3C33E000750835 /* Resources */,
			);
			buildRules = (
			);
			dependencies = (
				5764BB792F3C33E000750835 /* PBXTargetDependency */,
			);
			fileSystemSynchronizedGroups = (
				5764BB7A2F3C33E000750835 /* Models */,
			);
			name = PersonalityQuizTests;
			packageProductDependencies = (
			);
			productName = PersonalityQuizTests;
			productReference = 5764BB772F3C33E000750835 /* PersonalityQuizTests.xctest */;
			productType = "com.apple.product-type.bundle.unit-test";
		};
		5764BB802F3C33E000750835 /* PersonalityQuizUITests */ = {
			isa = PBXNativeTarget;
			buildConfigurationList = 5764BB922F3C33E000750835 /* Build configuration list for PBXNativeTarget "PersonalityQuizUITests" */;
			buildPhases = (
				5764BB7D2F3C33E000750835 /* Sources */,
				5764BB7E2F3C33E000750835 /* Frameworks */,
				5764BB7F2F3C33E000750835 /* Resources */,
			);
			buildRules = (
			);
			dependencies = (
				5764BB832F3C33E000750835 /* PBXTargetDependency */,
			);
			fileSystemSynchronizedGroups = (
				5764BB842F3C33E000750835 /* Views */,
			);
			name = PersonalityQuizUITests;
			packageProductDependencies = (
			);
			productName = PersonalityQuizUITests;
			productReference = 5764BB812F3C33E000750835 /* PersonalityQuizUITests.xctest */;
			productType = "com.apple.product-type.bundle.ui-testing";
		};
/* End PBXNativeTarget section */

/* Begin PBXProject section */
		5764BB592F3C33DD00750835 /* Project object */ = {
			isa = PBXProject;
			attributes = {
				BuildIndependentTargetsInParallel = 1;
				LastSwiftUpdateCheck = 1640;
				LastUpgradeCheck = 1640;
				TargetAttributes = {
					5764BB602F3C33DD00750835 = {
						CreatedOnToolsVersion = 16.4;
					};
					5764BB762F3C33E000750835 = {
						CreatedOnToolsVersion = 16.4;
						TestTargetID = 5764BB602F3C33DD00750835;
					};
					5764BB802F3C33E000750835 = {
						CreatedOnToolsVersion = 16.4;
						TestTargetID = 5764BB602F3C33DD00750835;
					};
				};
			};
			buildConfigurationList = 5764BB5C2F3C33DD00750835 /* Build configuration list for PBXProject "PersonalityQuiz" */;
			developmentRegion = en;
			hasScannedForEncodings = 0;
			knownRegions = (
				en,
				Base,
			);
			mainGroup = 5764BB582F3C33DD00750835;
			minimizedProjectReferenceProxies = 1;
			preferredProjectObjectVersion = 77;
			productRefGroup = 5764BB622F3C33DD00750835 /* Products */;
			projectDirPath = "";
			projectRoot = "";
			targets = (
				5764BB602F3C33DD00750835 /* PersonalityQuiz */,
				5764BB762F3C33E000750835 /* PersonalityQuizTests */,
				5764BB802F3C33E000750835 /* PersonalityQuizUITests */,
			);
		};
/* End PBXProject section */

/* Begin PBXResourcesBuildPhase section */
		5764BB5F2F3C33DD00750835 /* Resources */ = {
			isa = PBXResourcesBuildPhase;
			buildActionMask = 2147483647;
			files = (
			);
			runOnlyForDeploymentPostprocessing = 0;
		};
		5764BB752F3C33E000750835 /* Resources */ = {
			isa = PBXResourcesBuildPhase;
			buildActionMask = 2147483647;
			files = (
			);
			runOnlyForDeploymentPostprocessing = 0;
		};
		5764BB7F2F3C33E000750835 /* Resources */ = {
			isa = PBXResourcesBuildPhase;
			buildActionMask = 2147483647;
			files = (
			);
			runOnlyForDeploymentPostprocessing = 0;
		};
/* End PBXResourcesBuildPhase section */

/* Begin PBXSourcesBuildPhase section */
		5764BB5D2F3C33DD00750835 /* Sources */ = {
			isa = PBXSourcesBuildPhase;
			buildActionMask = 2147483647;
			files = (
				579C35A52F3EEFE00039E047 /* UIButton.swift in Sources */,
			);
			runOnlyForDeploymentPostprocessing = 0;
		};
		5764BB732F3C33E000750835 /* Sources */ = {
			isa = PBXSourcesBuildPhase;
			buildActionMask = 2147483647;
			files = (
			);
			runOnlyForDeploymentPostprocessing = 0;
		};
		5764BB7D2F3C33E000750835 /* Sources */ = {
			isa = PBXSourcesBuildPhase;
			buildActionMask = 2147483647;
			files = (
			);
			runOnlyForDeploymentPostprocessing = 0;
		};
/* End PBXSourcesBuildPhase section */

/* Begin PBXTargetDependency section */
		5764BB792F3C33E000750835 /* PBXTargetDependency */ = {
			isa = PBXTargetDependency;
			target = 5764BB602F3C33DD00750835 /* PersonalityQuiz */;
			targetProxy = 5764BB782F3C33E000750835 /* PBXContainerItemProxy */;
		};
		5764BB832F3C33E000750835 /* PBXTargetDependency */ = {
			isa = PBXTargetDependency;
			target = 5764BB602F3C33DD00750835 /* PersonalityQuiz */;
			targetProxy = 5764BB822F3C33E000750835 /* PBXContainerItemProxy */;
		};
/* End PBXTargetDependency section */

/* Begin XCBuildConfiguration section */
		5764BB8B2F3C33E000750835 /* Debug */ = {
			isa = XCBuildConfiguration;
			buildSettings = {
				ASSETCATALOG_COMPILER_APPICON_NAME = AppIcon;
				ASSETCATALOG_COMPILER_GLOBAL_ACCENT_COLOR_NAME = AccentColor;
				CODE_SIGN_STYLE = Automatic;
				CURRENT_PROJECT_VERSION = 1;
				GENERATE_INFOPLIST_FILE = YES;
				INFOPLIST_FILE = Controllers/Info.plist;
				INFOPLIST_KEY_UIApplicationSupportsIndirectInputEvents = YES;
				INFOPLIST_KEY_UILaunchStoryboardName = LaunchScreen;
				INFOPLIST_KEY_UIMainStoryboardFile = Main;
				INFOPLIST_KEY_UISupportedInterfaceOrientations_iPad = "UIInterfaceOrientationPortrait UIInterfaceOrientationPortraitUpsideDown UIInterfaceOrientationLandscapeLeft UIInterfaceOrientationLandscapeRight";
				INFOPLIST_KEY_UISupportedInterfaceOrientations_iPhone = "UIInterfaceOrientationPortrait UIInterfaceOrientationLandscapeLeft UIInterfaceOrientationLandscapeRight";
				IPHONEOS_DEPLOYMENT_TARGET = 17.6;
				LD_RUNPATH_SEARCH_PATHS = (
					"$(inherited)",
					"@executable_path/Frameworks",
				);
				MARKETING_VERSION = 1.0;
				PRODUCT_BUNDLE_IDENTIFIER = MohamedBH3.PersonalityQuiz;
				PRODUCT_NAME = "$(TARGET_NAME)";
				SWIFT_EMIT_LOC_STRINGS = YES;
				SWIFT_VERSION = 5.0;
				TARGETED_DEVICE_FAMILY = "1,2";
			};
			name = Debug;
		};
		5764BB8C2F3C33E000750835 /* Release */ = {
			isa = XCBuildConfiguration;
			buildSettings = {
				ASSETCATALOG_COMPILER_APPICON_NAME = AppIcon;
				ASSETCATALOG_COMPILER_GLOBAL_ACCENT_COLOR_NAME = AccentColor;
				CODE_SIGN_STYLE = Automatic;
				CURRENT_PROJECT_VERSION = 1;
				GENERATE_INFOPLIST_FILE = YES;
				INFOPLIST_FILE = Controllers/Info.plist;
				INFOPLIST_KEY_UIApplicationSupportsIndirectInputEvents = YES;
				INFOPLIST_KEY_UILaunchStoryboardName = LaunchScreen;
				INFOPLIST_KEY_UIMainStoryboardFile = Main;
				INFOPLIST_KEY_UISupportedInterfaceOrientations_iPad = "UIInterfaceOrientationPortrait UIInterfaceOrientationPortraitUpsideDown UIInterfaceOrientationLandscapeLeft UIInterfaceOrientationLandscapeRight";
				INFOPLIST_KEY_UISupportedInterfaceOrientations_iPhone = "UIInterfaceOrientationPortrait UIInterfaceOrientationLandscapeLeft UIInterfaceOrientationLandscapeRight";
				IPHONEOS_DEPLOYMENT_TARGET = 17.6;
				LD_RUNPATH_SEARCH_PATHS = (
					"$(inherited)",
					"@executable_path/Frameworks",
				);
				MARKETING_VERSION = 1.0;
				PRODUCT_BUNDLE_IDENTIFIER = MohamedBH3.PersonalityQuiz;
				PRODUCT_NAME = "$(TARGET_NAME)";
				SWIFT_EMIT_LOC_STRINGS = YES;
				SWIFT_VERSION = 5.0;
				TARGETED_DEVICE_FAMILY = "1,2";
			};
			name = Release;
		};
		5764BB8D2F3C33E000750835 /* Debug */ = {
			isa = XCBuildConfiguration;
			buildSettings = {
				ALWAYS_SEARCH_USER_PATHS = NO;
				ASSETCATALOG_COMPILER_GENERATE_SWIFT_ASSET_SYMBOL_EXTENSIONS = YES;
				CLANG_ANALYZER_NONNULL = YES;
				CLANG_ANALYZER_NUMBER_OBJECT_CONVERSION = YES_AGGRESSIVE;
				CLANG_CXX_LANGUAGE_STANDARD = "gnu++20";
				CLANG_ENABLE_MODULES = YES;
				CLANG_ENABLE_OBJC_ARC = YES;
				CLANG_ENABLE_OBJC_WEAK = YES;
				CLANG_WARN_BLOCK_CAPTURE_AUTORELEASING = YES;
				CLANG_WARN_BOOL_CONVERSION = YES;
				CLANG_WARN_COMMA = YES;
				CLANG_WARN_CONSTANT_CONVERSION = YES;
				CLANG_WARN_DEPRECATED_OBJC_IMPLEMENTATIONS = YES;
				CLANG_WARN_DIRECT_OBJC_ISA_USAGE = YES_ERROR;
				CLANG_WARN_DOCUMENTATION_COMMENTS = YES;
				CLANG_WARN_EMPTY_BODY = YES;
				CLANG_WARN_ENUM_CONVERSION = YES;
				CLANG_WARN_INFINITE_RECURSION = YES;
				CLANG_WARN_INT_CONVERSION = YES;
				CLANG_WARN_NON_LITERAL_NULL_CONVERSION = YES;
				CLANG_WARN_OBJC_IMPLICIT_RETAIN_SELF = YES;
				CLANG_WARN_OBJC_LITERAL_CONVERSION = YES;
				CLANG_WARN_OBJC_ROOT_CLASS = YES_ERROR;
				CLANG_WARN_QUOTED_INCLUDE_IN_FRAMEWORK_HEADER = YES;
				CLANG_WARN_RANGE_LOOP_ANALYSIS = YES;
				CLANG_WARN_STRICT_PROTOTYPES = YES;
				CLANG_WARN_SUSPICIOUS_MOVE = YES;
				CLANG_WARN_UNGUARDED_AVAILABILITY = YES_AGGRESSIVE;
				CLANG_WARN_UNREACHABLE_CODE = YES;
				CLANG_WARN__DUPLICATE_METHOD_MATCH = YES;
				COPY_PHASE_STRIP = NO;
				DEBUG_INFORMATION_FORMAT = dwarf;
				ENABLE_STRICT_OBJC_MSGSEND = YES;
				ENABLE_TESTABILITY = YES;
				ENABLE_USER_SCRIPT_SANDBOXING = YES;
				GCC_C_LANGUAGE_STANDARD = gnu17;
				GCC_DYNAMIC_NO_PIC = NO;
				GCC_NO_COMMON_BLOCKS = YES;
				GCC_OPTIMIZATION_LEVEL = 0;
				GCC_PREPROCESSOR_DEFINITIONS = (
					"DEBUG=1",
					"$(inherited)",
				);
				GCC_WARN_64_TO_32_BIT_CONVERSION = YES;
				GCC_WARN_ABOUT_RETURN_TYPE = YES_ERROR;
				GCC_WARN_UNDECLARED_SELECTOR = YES;
				GCC_WARN_UNINITIALIZED_AUTOS = YES_AGGRESSIVE;
				GCC_WARN_UNUSED_FUNCTION = YES;
				GCC_WARN_UNUSED_VARIABLE = YES;
				IPHONEOS_DEPLOYMENT_TARGET = 18.5;
				LOCALIZATION_PREFERS_STRING_CATALOGS = YES;
				MTL_ENABLE_DEBUG_INFO = INCLUDE_SOURCE;
				MTL_FAST_MATH = YES;
				ONLY_ACTIVE_ARCH = YES;
				SDKROOT = iphoneos;
				SWIFT_ACTIVE_COMPILATION_CONDITIONS = "DEBUG $(inherited)";
				SWIFT_OPTIMIZATION_LEVEL = "-Onone";
			};
			name = Debug;
		};
		5764BB8E2F3C33E000750835 /* Release */ = {
			isa = XCBuildConfiguration;
			buildSettings = {
				ALWAYS_SEARCH_USER_PATHS = NO;
				ASSETCATALOG_COMPILER_GENERATE_SWIFT_ASSET_SYMBOL_EXTENSIONS = YES;
				CLANG_ANALYZER_NONNULL = YES;
				CLANG_ANALYZER_NUMBER_OBJECT_CONVERSION = YES_AGGRESSIVE;
				CLANG_CXX_LANGUAGE_STANDARD = "gnu++20";
				CLANG_ENABLE_MODULES = YES;
				CLANG_ENABLE_OBJC_ARC = YES;
				CLANG_ENABLE_OBJC_WEAK = YES;
				CLANG_WARN_BLOCK_CAPTURE_AUTORELEASING = YES;
				CLANG_WARN_BOOL_CONVERSION = YES;
				CLANG_WARN_COMMA = YES;
				CLANG_WARN_CONSTANT_CONVERSION = YES;
				CLANG_WARN_DEPRECATED_OBJC_IMPLEMENTATIONS = YES;
				CLANG_WARN_DIRECT_OBJC_ISA_USAGE = YES_ERROR;
				CLANG_WARN_DOCUMENTATION_COMMENTS = YES;
				CLANG_WARN_EMPTY_BODY = YES;
				CLANG_WARN_ENUM_CONVERSION = YES;
				CLANG_WARN_INFINITE_RECURSION = YES;
				CLANG_WARN_INT_CONVERSION = YES;
				CLANG_WARN_NON_LITERAL_NULL_CONVERSION = YES;
				CLANG_WARN_OBJC_IMPLICIT_RETAIN_SELF = YES;
				CLANG_WARN_OBJC_LITERAL_CONVERSION = YES;
				CLANG_WARN_OBJC_ROOT_CLASS = YES_ERROR;
				CLANG_WARN_QUOTED_INCLUDE_IN_FRAMEWORK_HEADER = YES;
				CLANG_WARN_RANGE_LOOP_ANALYSIS = YES;
				CLANG_WARN_STRICT_PROTOTYPES = YES;
				CLANG_WARN_SUSPICIOUS_MOVE = YES;
				CLANG_WARN_UNGUARDED_AVAILABILITY = YES_AGGRESSIVE;
				CLANG_WARN_UNREACHABLE_CODE = YES;
				CLANG_WARN__DUPLICATE_METHOD_MATCH = YES;
				COPY_PHASE_STRIP = NO;
				DEBUG_INFORMATION_FORMAT = "dwarf-with-dsym";
				ENABLE_NS_ASSERTIONS = NO;
				ENABLE_STRICT_OBJC_MSGSEND = YES;
				ENABLE_USER_SCRIPT_SANDBOXING = YES;
				GCC_C_LANGUAGE_STANDARD = gnu17;
				GCC_NO_COMMON_BLOCKS = YES;
				GCC_WARN_64_TO_32_BIT_CONVERSION = YES;
				GCC_WARN_ABOUT_RETURN_TYPE = YES_ERROR;
				GCC_WARN_UNDECLARED_SELECTOR = YES;
				GCC_WARN_UNINITIALIZED_AUTOS = YES_AGGRESSIVE;
				GCC_WARN_UNUSED_FUNCTION = YES;
				GCC_WARN_UNUSED_VARIABLE = YES;
				IPHONEOS_DEPLOYMENT_TARGET = 18.5;
				LOCALIZATION_PREFERS_STRING_CATALOGS = YES;
				MTL_ENABLE_DEBUG_INFO = NO;
				MTL_FAST_MATH = YES;
				SDKROOT = iphoneos;
				SWIFT_COMPILATION_MODE = wholemodule;
				VALIDATE_PRODUCT = YES;
			};
			name = Release;
		};
		5764BB902F3C33E000750835 /* Debug */ = {
			isa = XCBuildConfiguration;
			buildSettings = {
				BUNDLE_LOADER = "$(TEST_HOST)";
				CODE_SIGN_STYLE = Automatic;
				CURRENT_PROJECT_VERSION = 1;
				GENERATE_INFOPLIST_FILE = YES;
				IPHONEOS_DEPLOYMENT_TARGET = 18.5;
				MARKETING_VERSION = 1.0;
				PRODUCT_BUNDLE_IDENTIFIER = MohamedBH3.PersonalityQuizTests;
				PRODUCT_NAME = "$(TARGET_NAME)";
				SWIFT_EMIT_LOC_STRINGS = NO;
				SWIFT_VERSION = 5.0;
				TARGETED_DEVICE_FAMILY = "1,2";
				TEST_HOST = "$(BUILT_PRODUCTS_DIR)/PersonalityQuiz.app/$(BUNDLE_EXECUTABLE_FOLDER_PATH)/PersonalityQuiz";
			};
			name = Debug;
		};
		5764BB912F3C33E000750835 /* Release */ = {
			isa = XCBuildConfiguration;
			buildSettings = {
				BUNDLE_LOADER = "$(TEST_HOST)";
				CODE_SIGN_STYLE = Automatic;
				CURRENT_PROJECT_VERSION = 1;
				GENERATE_INFOPLIST_FILE = YES;
				IPHONEOS_DEPLOYMENT_TARGET = 18.5;
				MARKETING_VERSION = 1.0;
				PRODUCT_BUNDLE_IDENTIFIER = MohamedBH3.PersonalityQuizTests;
				PRODUCT_NAME = "$(TARGET_NAME)";
				SWIFT_EMIT_LOC_STRINGS = NO;
				SWIFT_VERSION = 5.0;
				TARGETED_DEVICE_FAMILY = "1,2";
				TEST_HOST = "$(BUILT_PRODUCTS_DIR)/PersonalityQuiz.app/$(BUNDLE_EXECUTABLE_FOLDER_PATH)/PersonalityQuiz";
			};
			name = Release;
		};
		5764BB932F3C33E000750835 /* Debug */ = {
			isa = XCBuildConfiguration;
			buildSettings = {
				CODE_SIGN_STYLE = Automatic;
				CURRENT_PROJECT_VERSION = 1;
				GENERATE_INFOPLIST_FILE = YES;
				MARKETING_VERSION = 1.0;
				PRODUCT_BUNDLE_IDENTIFIER = MohamedBH3.PersonalityQuizUITests;
				PRODUCT_NAME = "$(TARGET_NAME)";
				SWIFT_EMIT_LOC_STRINGS = NO;
				SWIFT_VERSION = 5.0;
				TARGETED_DEVICE_FAMILY = "1,2";
				TEST_TARGET_NAME = PersonalityQuiz;
			};
			name = Debug;
		};
		5764BB942F3C33E000750835 /* Release */ = {
			isa = XCBuildConfiguration;
			buildSettings = {
				CODE_SIGN_STYLE = Automatic;
				CURRENT_PROJECT_VERSION = 1;
				GENERATE_INFOPLIST_FILE = YES;
				MARKETING_VERSION = 1.0;
				PRODUCT_BUNDLE_IDENTIFIER = MohamedBH3.PersonalityQuizUITests;
				PRODUCT_NAME = "$(TARGET_NAME)";
				SWIFT_EMIT_LOC_STRINGS = NO;
				SWIFT_VERSION = 5.0;
				TARGETED_DEVICE_FAMILY = "1,2";
				TEST_TARGET_NAME = PersonalityQuiz;
			};
			name = Release;
		};
/* End XCBuildConfiguration section */

/* Begin XCConfigurationList section */
		5764BB5C2F3C33DD00750835 /* Build configuration list for PBXProject "PersonalityQuiz" */ = {
			isa = XCConfigurationList;
			buildConfigurations = (
				5764BB8D2F3C33E000750835 /* Debug */,
				5764BB8E2F3C33E000750835 /* Release */,
			);
			defaultConfigurationIsVisible = 0;
			defaultConfigurationName = Release;
		};
		5764BB8A2F3C33E000750835 /* Build configuration list for PBXNativeTarget "PersonalityQuiz" */ = {
			isa = XCConfigurationList;
			buildConfigurations = (
				5764BB8B2F3C33E000750835 /* Debug */,
				5764BB8C2F3C33E000750835 /* Release */,
			);
			defaultConfigurationIsVisible = 0;
			defaultConfigurationName = Release;
		};
		5764BB8F2F3C33E000750835 /* Build configuration list for PBXNativeTarget "PersonalityQuizTests" */ = {
			isa = XCConfigurationList;
			buildConfigurations = (
				5764BB902F3C33E000750835 /* Debug */,
				5764BB912F3C33E000750835 /* Release */,
			);
			defaultConfigurationIsVisible = 0;
			defaultConfigurationName = Release;
		};
		5764BB922F3C33E000750835 /* Build configuration list for PBXNativeTarget "PersonalityQuizUITests" */ = {
			isa = XCConfigurationList;
			buildConfigurations = (
				5764BB932F3C33E000750835 /* Debug */,
				5764BB942F3C33E000750835 /* Release */,
			);
			defaultConfigurationIsVisible = 0;
			defaultConfigurationName = Release;
		};
/* End XCConfigurationList section */
	};
	rootObject = 5764BB592F3C33DD00750835 /* Project object */;
}
